
Microsoft Visual Studio Solution File, Format Version 12.00
# Visual Studio 2015
Project("{FAE04EC0-301F-11D3-BF4B-00C04F79EFBC}") = "UM_DVII_TP1_Ochoa.CSharp", "UM_DVII_TP1_Ochoa.CSharp.csproj", "{6F573E27-D563-9B07-3157-75D5794AB7D7}"
EndProject
Global
	GlobalSection(SolutionConfigurationPlatforms) = preSolution
		Debug|Any CPU = Debug|Any CPU
		Release|Any CPU = Release|Any CPU
	EndGlobalSection
	GlobalSection(ProjectConfigurationPlatforms) = postSolution
		{6F573E27-D563-9B07-3157-75D5794AB7D7}.Debug|Any CPU.ActiveCfg = Debug|Any CPU
		{6F573E27-D563-9B07-3157-75D5794AB7D7}.Debug|Any CPU.Build.0 = Debug|Any CPU
		{6F573E27-D563-9B07-3157-75D5794AB7D7}.Release|Any CPU.ActiveCfg = Release|Any CPU
		{6F573E27-D563-9B07-3157-75D5794AB7D7}.Release|Any CPU.Build.0 = Release|Any CPU
	EndGlobalSection
	GlobalSection(SolutionProperties) = preSolution
		HideSolutionNode = FALSE
	EndGlobalSection
EndGlobal
