Microsoft Visual Studio Solution File, Format Version 11.00
# Visual Studio 2008

Project("{B7F6BFDD-EDD7-647C-61B4-FCB8A4C9B006}") = "UM_DVII_TP1_Ochoa", "Assembly-CSharp.csproj", "{7CD8983E-26E9-5046-414C-5BA4261B3D5B}"
EndProject
Global
	GlobalSection(SolutionConfigurationPlatforms) = preSolution
		Debug|Any CPU = Debug|Any CPU
		Release|Any CPU = Release|Any CPU
	EndGlobalSection
	GlobalSection(ProjectConfigurationPlatforms) = postSolution
		{7CD8983E-26E9-5046-414C-5BA4261B3D5B}.Debug|Any CPU.ActiveCfg = Debug|Any CPU
		{7CD8983E-26E9-5046-414C-5BA4261B3D5B}.Debug|Any CPU.Build.0 = Debug|Any CPU
		{7CD8983E-26E9-5046-414C-5BA4261B3D5B}.Release|Any CPU.ActiveCfg = Release|Any CPU
		{7CD8983E-26E9-5046-414C-5BA4261B3D5B}.Release|Any CPU.Build.0 = Release|Any CPU
	EndGlobalSection
	GlobalSection(SolutionProperties) = preSolution
		HideSolutionNode = FALSE
	EndGlobalSection
	GlobalSection(MonoDevelopProperties) = preSolution
		StartupItem = Assembly-CSharp.csproj
	EndGlobalSection
EndGlobal
